
Microsoft Visual Studio Solution File, Format Version 12.00
# Visual Studio Version 17
VisualStudioVersion = 17.10.34916.146
MinimumVisualStudioVersion = 10.0.40219.1
Project("{FAE04EC0-301F-11D3-BF4B-00C04F79EFBC}") = "GME1011GitHubDemo2", "GME1011GitHubDemo2\GME1011GitHubDemo2.csproj", "{21933C9D-0119-4907-B49D-68EA281924BB}"
EndProject
Global
	GlobalSection(SolutionConfigurationPlatforms) = preSolution
		Debug|Any CPU = Debug|Any CPU
		Release|Any CPU = Release|Any CPU
	EndGlobalSection
	GlobalSection(ProjectConfigurationPlatforms) = postSolution
		{21933C9D-0119-4907-B49D-68EA281924BB}.Debug|Any CPU.ActiveCfg = Debug|Any CPU
		{21933C9D-0119-4907-B49D-68EA281924BB}.Debug|Any CPU.Build.0 = Debug|Any CPU
		{21933C9D-0119-4907-B49D-68EA281924BB}.Release|Any CPU.ActiveCfg = Release|Any CPU
		{21933C9D-0119-4907-B49D-68EA281924BB}.Release|Any CPU.Build.0 = Release|Any CPU
	EndGlobalSection
	GlobalSection(SolutionProperties) = preSolution
		HideSolutionNode = FALSE
	EndGlobalSection
	GlobalSection(ExtensibilityGlobals) = postSolution
		SolutionGuid = {C796B199-3EA7-4638-ADCD-D30666B04BE7}
	EndGlobalSection
EndGlobal
